{
  "name": "kibana-url-deps",
  "lockfileVersion": 3,
  "requires": true,
  "packages": {
    "": {
      "name": "kibana-url-deps",
      "dependencies": {
        "rison": "^0.1.1"
      }
    },
    "node_modules/rison": {
      "version": "0.1.1",
      "resolved": "https://registry.npmjs.org/rison/-/rison-0.1.1.tgz",
      "integrity": "sha512-8C+/PKKTaAYE2quDtOUwny/eQpNn9YGby7T80wntbVWSGvw0aUT9M0YgLdLkUgIQzQwaB1ZTr80rwLVKyohHig==",
      "license": "Apache-2.0"
    }
  }
}
